
Microsoft Visual Studio Solution File, Format Version 12.00
# Visual Studio Version 16
VisualStudioVersion = 16.0.31702.278
MinimumVisualStudioVersion = 10.0.40219.1
Project("{8BC9CEB8-8B4A-11D0-8D11-00A0C91BC942}") = "Задание_2.7", "Задание_2.7\Задание_2.7.vcxproj", "{54445204-C4C9-476C-A782-E8ACA22573DD}"
EndProject
Project("{8BC9CEB8-8B4A-11D0-8D11-00A0C91BC942}") = "Задание_2.16", "Задание_2.16\Задание_2.16.vcxproj", "{FDA77641-FE04-4F23-B8BF-C6A09D46FCED}"
EndProject
Project("{8BC9CEB8-8B4A-11D0-8D11-00A0C91BC942}") = "Заданиие_2.19", "Заданиие_2.19\Заданиие_2.19.vcxproj", "{BC996C3A-3221-4E9F-A69B-42B57B9CE0AC}"
EndProject
Project("{8BC9CEB8-8B4A-11D0-8D11-00A0C91BC942}") = "Задание_2.5", "Задание_2.5\Задание_2.5.vcxproj", "{9E1C9D26-05CD-46DF-BB8E-990A43D444FC}"
EndProject
Project("{8BC9CEB8-8B4A-11D0-8D11-00A0C91BC942}") = "Задание2_17", "Задание2_17\Задание2_17.vcxproj", "{C0D4FCF6-2CD5-4791-B8A3-640894EFC869}"
EndProject
Project("{8BC9CEB8-8B4A-11D0-8D11-00A0C91BC942}") = "Задание_2.20", "Задание_2.20\Задание_2.20.vcxproj", "{A6BE5148-1EB6-4662-B3F0-69592313C799}"
EndProject
Global
	GlobalSection(SolutionConfigurationPlatforms) = preSolution
		Debug|x64 = Debug|x64
		Debug|x86 = Debug|x86
		Release|x64 = Release|x64
		Release|x86 = Release|x86
	EndGlobalSection
	GlobalSection(ProjectConfigurationPlatforms) = postSolution
		{54445204-C4C9-476C-A782-E8ACA22573DD}.Debug|x64.ActiveCfg = Debug|x64
		{54445204-C4C9-476C-A782-E8ACA22573DD}.Debug|x64.Build.0 = Debug|x64
		{54445204-C4C9-476C-A782-E8ACA22573DD}.Debug|x86.ActiveCfg = Debug|Win32
		{54445204-C4C9-476C-A782-E8ACA22573DD}.Debug|x86.Build.0 = Debug|Win32
		{54445204-C4C9-476C-A782-E8ACA22573DD}.Release|x64.ActiveCfg = Release|x64
		{54445204-C4C9-476C-A782-E8ACA22573DD}.Release|x64.Build.0 = Release|x64
		{54445204-C4C9-476C-A782-E8ACA22573DD}.Release|x86.ActiveCfg = Release|Win32
		{54445204-C4C9-476C-A782-E8ACA22573DD}.Release|x86.Build.0 = Release|Win32
		{FDA77641-FE04-4F23-B8BF-C6A09D46FCED}.Debug|x64.ActiveCfg = Debug|x64
		{FDA77641-FE04-4F23-B8BF-C6A09D46FCED}.Debug|x64.Build.0 = Debug|x64
		{FDA77641-FE04-4F23-B8BF-C6A09D46FCED}.Debug|x86.ActiveCfg = Debug|Win32
		{FDA77641-FE04-4F23-B8BF-C6A09D46FCED}.Debug|x86.Build.0 = Debug|Win32
		{FDA77641-FE04-4F23-B8BF-C6A09D46FCED}.Release|x64.ActiveCfg = Release|x64
		{FDA77641-FE04-4F23-B8BF-C6A09D46FCED}.Release|x64.Build.0 = Release|x64
		{FDA77641-FE04-4F23-B8BF-C6A09D46FCED}.Release|x86.ActiveCfg = Release|Win32
		{FDA77641-FE04-4F23-B8BF-C6A09D46FCED}.Release|x86.Build.0 = Release|Win32
		{BC996C3A-3221-4E9F-A69B-42B57B9CE0AC}.Debug|x64.ActiveCfg = Debug|x64
		{BC996C3A-3221-4E9F-A69B-42B57B9CE0AC}.Debug|x64.Build.0 = Debug|x64
		{BC996C3A-3221-4E9F-A69B-42B57B9CE0AC}.Debug|x86.ActiveCfg = Debug|Win32
		{BC996C3A-3221-4E9F-A69B-42B57B9CE0AC}.Debug|x86.Build.0 = Debug|Win32
		{BC996C3A-3221-4E9F-A69B-42B57B9CE0AC}.Release|x64.ActiveCfg = Release|x64
		{BC996C3A-3221-4E9F-A69B-42B57B9CE0AC}.Release|x64.Build.0 = Release|x64
		{BC996C3A-3221-4E9F-A69B-42B57B9CE0AC}.Release|x86.ActiveCfg = Release|Win32
		{BC996C3A-3221-4E9F-A69B-42B57B9CE0AC}.Release|x86.Build.0 = Release|Win32
		{9E1C9D26-05CD-46DF-BB8E-990A43D444FC}.Debug|x64.ActiveCfg = Debug|x64
		{9E1C9D26-05CD-46DF-BB8E-990A43D444FC}.Debug|x64.Build.0 = Debug|x64
		{9E1C9D26-05CD-46DF-BB8E-990A43D444FC}.Debug|x86.ActiveCfg = Debug|Win32
		{9E1C9D26-05CD-46DF-BB8E-990A43D444FC}.Debug|x86.Build.0 = Debug|Win32
		{9E1C9D26-05CD-46DF-BB8E-990A43D444FC}.Release|x64.ActiveCfg = Release|x64
		{9E1C9D26-05CD-46DF-BB8E-990A43D444FC}.Release|x64.Build.0 = Release|x64
		{9E1C9D26-05CD-46DF-BB8E-990A43D444FC}.Release|x86.ActiveCfg = Release|Win32
		{9E1C9D26-05CD-46DF-BB8E-990A43D444FC}.Release|x86.Build.0 = Release|Win32
		{C0D4FCF6-2CD5-4791-B8A3-640894EFC869}.Debug|x64.ActiveCfg = Debug|x64
		{C0D4FCF6-2CD5-4791-B8A3-640894EFC869}.Debug|x64.Build.0 = Debug|x64
		{C0D4FCF6-2CD5-4791-B8A3-640894EFC869}.Debug|x86.ActiveCfg = Debug|Win32
		{C0D4FCF6-2CD5-4791-B8A3-640894EFC869}.Debug|x86.Build.0 = Debug|Win32
		{C0D4FCF6-2CD5-4791-B8A3-640894EFC869}.Release|x64.ActiveCfg = Release|x64
		{C0D4FCF6-2CD5-4791-B8A3-640894EFC869}.Release|x64.Build.0 = Release|x64
		{C0D4FCF6-2CD5-4791-B8A3-640894EFC869}.Release|x86.ActiveCfg = Release|Win32
		{C0D4FCF6-2CD5-4791-B8A3-640894EFC869}.Release|x86.Build.0 = Release|Win32
		{A6BE5148-1EB6-4662-B3F0-69592313C799}.Debug|x64.ActiveCfg = Debug|x64
		{A6BE5148-1EB6-4662-B3F0-69592313C799}.Debug|x64.Build.0 = Debug|x64
		{A6BE5148-1EB6-4662-B3F0-69592313C799}.Debug|x86.ActiveCfg = Debug|Win32
		{A6BE5148-1EB6-4662-B3F0-69592313C799}.Debug|x86.Build.0 = Debug|Win32
		{A6BE5148-1EB6-4662-B3F0-69592313C799}.Release|x64.ActiveCfg = Release|x64
		{A6BE5148-1EB6-4662-B3F0-69592313C799}.Release|x64.Build.0 = Release|x64
		{A6BE5148-1EB6-4662-B3F0-69592313C799}.Release|x86.ActiveCfg = Release|Win32
		{A6BE5148-1EB6-4662-B3F0-69592313C799}.Release|x86.Build.0 = Release|Win32
	EndGlobalSection
	GlobalSection(SolutionProperties) = preSolution
		HideSolutionNode = FALSE
	EndGlobalSection
	GlobalSection(ExtensibilityGlobals) = postSolution
		SolutionGuid = {5BF43913-5CCE-4F51-B0CA-9F0FE35B85A6}
	EndGlobalSection
EndGlobal
